
Microsoft Visual Studio Solution File, Format Version 12.00
# Visual Studio Version 17
VisualStudioVersion = 17.5.33530.505
MinimumVisualStudioVersion = 10.0.40219.1
Project("{FAE04EC0-301F-11D3-BF4B-00C04F79EFBC}") = "random", "random\random.csproj", "{AE2929EB-267D-4233-B0CC-83AEA841638C}"
EndProject
Global
	GlobalSection(SolutionConfigurationPlatforms) = preSolution
		Debug|Any CPU = Debug|Any CPU
		Release|Any CPU = Release|Any CPU
	EndGlobalSection
	GlobalSection(ProjectConfigurationPlatforms) = postSolution
		{AE2929EB-267D-4233-B0CC-83AEA841638C}.Debug|Any CPU.ActiveCfg = Debug|Any CPU
		{AE2929EB-267D-4233-B0CC-83AEA841638C}.Debug|Any CPU.Build.0 = Debug|Any CPU
		{AE2929EB-267D-4233-B0CC-83AEA841638C}.Release|Any CPU.ActiveCfg = Release|Any CPU
		{AE2929EB-267D-4233-B0CC-83AEA841638C}.Release|Any CPU.Build.0 = Release|Any CPU
	EndGlobalSection
	GlobalSection(SolutionProperties) = preSolution
		HideSolutionNode = FALSE
	EndGlobalSection
	GlobalSection(ExtensibilityGlobals) = postSolution
		SolutionGuid = {7DD6CDB8-9B2C-420C-8480-3F0F2D02FCD5}
	EndGlobalSection
EndGlobal
